
Microsoft Visual Studio Solution File, Format Version 12.00
# Visual Studio 15
VisualStudioVersion = 15.0.27130.2036
MinimumVisualStudioVersion = 10.0.40219.1
Project("{8BC9CEB8-8B4A-11D0-8D11-00A0C91BC942}") = "PublicLibrary", "PublicLibrary\PublicLibrary.vcxproj", "{5AC1BAF0-D854-4C4F-9445-3E5C9DFFDA12}"
EndProject
Global
	GlobalSection(SolutionConfigurationPlatforms) = preSolution
		Debug|x64 = Debug|x64
		Debug|x86 = Debug|x86
		Release|x64 = Release|x64
		Release|x86 = Release|x86
	EndGlobalSection
	GlobalSection(ProjectConfigurationPlatforms) = postSolution
		{5AC1BAF0-D854-4C4F-9445-3E5C9DFFDA12}.Debug|x64.ActiveCfg = Debug|x64
		{5AC1BAF0-D854-4C4F-9445-3E5C9DFFDA12}.Debug|x64.Build.0 = Debug|x64
		{5AC1BAF0-D854-4C4F-9445-3E5C9DFFDA12}.Debug|x86.ActiveCfg = Debug|Win32
		{5AC1BAF0-D854-4C4F-9445-3E5C9DFFDA12}.Debug|x86.Build.0 = Debug|Win32
		{5AC1BAF0-D854-4C4F-9445-3E5C9DFFDA12}.Release|x64.ActiveCfg = Release|x64
		{5AC1BAF0-D854-4C4F-9445-3E5C9DFFDA12}.Release|x64.Build.0 = Release|x64
		{5AC1BAF0-D854-4C4F-9445-3E5C9DFFDA12}.Release|x86.ActiveCfg = Release|Win32
		{5AC1BAF0-D854-4C4F-9445-3E5C9DFFDA12}.Release|x86.Build.0 = Release|Win32
	EndGlobalSection
	GlobalSection(SolutionProperties) = preSolution
		HideSolutionNode = FALSE
	EndGlobalSection
	GlobalSection(ExtensibilityGlobals) = postSolution
		SolutionGuid = {5FB8A05B-2265-404C-9CFD-5E8C13E25488}
	EndGlobalSection
EndGlobal
